
Microsoft Visual Studio Solution File, Format Version 12.00
# Visual Studio 15
Project("{FAE04EC0-301F-11D3-BF4B-00C04F79EFBC}") = "Assembly-CSharp", "Assembly-CSharp.csproj", "{EF04EC0D-5AAA-A8F0-6CB9-AD21868CE3C9}"
EndProject
Global
	GlobalSection(SolutionConfigurationPlatforms) = preSolution
		Debug|Any CPU = Debug|Any CPU
		Release|Any CPU = Release|Any CPU
	EndGlobalSection
	GlobalSection(ProjectConfigurationPlatforms) = postSolution
		{EF04EC0D-5AAA-A8F0-6CB9-AD21868CE3C9}.Debug|Any CPU.ActiveCfg = Debug|Any CPU
		{EF04EC0D-5AAA-A8F0-6CB9-AD21868CE3C9}.Debug|Any CPU.Build.0 = Debug|Any CPU
		{EF04EC0D-5AAA-A8F0-6CB9-AD21868CE3C9}.Release|Any CPU.ActiveCfg = Release|Any CPU
		{EF04EC0D-5AAA-A8F0-6CB9-AD21868CE3C9}.Release|Any CPU.Build.0 = Release|Any CPU
	EndGlobalSection
	GlobalSection(SolutionProperties) = preSolution
		HideSolutionNode = FALSE
	EndGlobalSection
EndGlobal
