
Microsoft Visual Studio Solution File, Format Version 11.00
# Visual Studio 2010
Project("{FAE04EC0-301F-11D3-BF4B-00C04F79EFBC}") = "Assembly-CSharp", "Assembly-CSharp.csproj", "{0dec04ef-aa5a-f0a8-6cb9-ad21868ce3c9}"
EndProject
Project("{FAE04EC0-301F-11D3-BF4B-00C04F79EFBC}") = "Assembly-CSharp-firstpass", "Assembly-CSharp-firstpass.csproj", "{e3d14ea5-14e6-c2a6-4393-1f81a97a068c}"
EndProject
Project("{FAE04EC0-301F-11D3-BF4B-00C04F79EFBC}") = "Assembly-CSharp-Editor", "Assembly-CSharp-Editor.csproj", "{7a1b212d-2efd-4d5b-67bf-156beffae83d}"
EndProject
Global
	GlobalSection(SolutionConfigurationPlatforms) = preSolution
		Debug|Any CPU = Debug|Any CPU
	EndGlobalSection
	GlobalSection(ProjectConfigurationPlatforms) = postSolution
		{0dec04ef-aa5a-f0a8-6cb9-ad21868ce3c9}.Debug|Any CPU.ActiveCfg = Debug|Any CPU
		{0dec04ef-aa5a-f0a8-6cb9-ad21868ce3c9}.Debug|Any CPU.Build.0 = Debug|Any CPU
		{e3d14ea5-14e6-c2a6-4393-1f81a97a068c}.Debug|Any CPU.ActiveCfg = Debug|Any CPU
		{e3d14ea5-14e6-c2a6-4393-1f81a97a068c}.Debug|Any CPU.Build.0 = Debug|Any CPU
		{7a1b212d-2efd-4d5b-67bf-156beffae83d}.Debug|Any CPU.ActiveCfg = Debug|Any CPU
		{7a1b212d-2efd-4d5b-67bf-156beffae83d}.Debug|Any CPU.Build.0 = Debug|Any CPU
	EndGlobalSection
	GlobalSection(SolutionProperties) = preSolution
		HideSolutionNode = FALSE
	EndGlobalSection
EndGlobal
