
Microsoft Visual Studio Solution File, Format Version 12.00
# Visual Studio 15
Project("{FAE04EC0-301F-11D3-BF4B-00C04F79EFBC}") = "Assembly-CSharp", "Assembly-CSharp.csproj", "{EF04EC0D-5AAA-A8F0-6CB9-AD21868CE3C9}"
EndProject
Project("{FAE04EC0-301F-11D3-BF4B-00C04F79EFBC}") = "Assembly-CSharp-firstpass", "Assembly-CSharp-firstpass.csproj", "{A54ED1E3-E614-A6C2-4393-1F81A97A068C}"
EndProject
Project("{FAE04EC0-301F-11D3-BF4B-00C04F79EFBC}") = "NavMeshComponents", "NavMeshComponents.csproj", "{EB377F7A-04EC-106A-5756-FF78A0852619}"
EndProject
Project("{FAE04EC0-301F-11D3-BF4B-00C04F79EFBC}") = "NavMeshComponentsEditor", "NavMeshComponentsEditor.csproj", "{DBDD88BE-ABF8-C527-8427-F7EDFFA7C99B}"
EndProject
Project("{FAE04EC0-301F-11D3-BF4B-00C04F79EFBC}") = "Assembly-CSharp-Editor", "Assembly-CSharp-Editor.csproj", "{2D211B7A-FD2E-5B4D-67BF-156BEFFAE83D}"
EndProject
Global
	GlobalSection(SolutionConfigurationPlatforms) = preSolution
		Debug|Any CPU = Debug|Any CPU
		Release|Any CPU = Release|Any CPU
	EndGlobalSection
	GlobalSection(ProjectConfigurationPlatforms) = postSolution
		{EF04EC0D-5AAA-A8F0-6CB9-AD21868CE3C9}.Debug|Any CPU.ActiveCfg = Debug|Any CPU
		{EF04EC0D-5AAA-A8F0-6CB9-AD21868CE3C9}.Debug|Any CPU.Build.0 = Debug|Any CPU
		{EF04EC0D-5AAA-A8F0-6CB9-AD21868CE3C9}.Release|Any CPU.ActiveCfg = Release|Any CPU
		{EF04EC0D-5AAA-A8F0-6CB9-AD21868CE3C9}.Release|Any CPU.Build.0 = Release|Any CPU
		{A54ED1E3-E614-A6C2-4393-1F81A97A068C}.Debug|Any CPU.ActiveCfg = Debug|Any CPU
		{A54ED1E3-E614-A6C2-4393-1F81A97A068C}.Debug|Any CPU.Build.0 = Debug|Any CPU
		{A54ED1E3-E614-A6C2-4393-1F81A97A068C}.Release|Any CPU.ActiveCfg = Release|Any CPU
		{A54ED1E3-E614-A6C2-4393-1F81A97A068C}.Release|Any CPU.Build.0 = Release|Any CPU
		{EB377F7A-04EC-106A-5756-FF78A0852619}.Debug|Any CPU.ActiveCfg = Debug|Any CPU
		{EB377F7A-04EC-106A-5756-FF78A0852619}.Debug|Any CPU.Build.0 = Debug|Any CPU
		{EB377F7A-04EC-106A-5756-FF78A0852619}.Release|Any CPU.ActiveCfg = Release|Any CPU
		{EB377F7A-04EC-106A-5756-FF78A0852619}.Release|Any CPU.Build.0 = Release|Any CPU
		{DBDD88BE-ABF8-C527-8427-F7EDFFA7C99B}.Debug|Any CPU.ActiveCfg = Debug|Any CPU
		{DBDD88BE-ABF8-C527-8427-F7EDFFA7C99B}.Debug|Any CPU.Build.0 = Debug|Any CPU
		{DBDD88BE-ABF8-C527-8427-F7EDFFA7C99B}.Release|Any CPU.ActiveCfg = Release|Any CPU
		{DBDD88BE-ABF8-C527-8427-F7EDFFA7C99B}.Release|Any CPU.Build.0 = Release|Any CPU
		{2D211B7A-FD2E-5B4D-67BF-156BEFFAE83D}.Debug|Any CPU.ActiveCfg = Debug|Any CPU
		{2D211B7A-FD2E-5B4D-67BF-156BEFFAE83D}.Debug|Any CPU.Build.0 = Debug|Any CPU
		{2D211B7A-FD2E-5B4D-67BF-156BEFFAE83D}.Release|Any CPU.ActiveCfg = Release|Any CPU
		{2D211B7A-FD2E-5B4D-67BF-156BEFFAE83D}.Release|Any CPU.Build.0 = Release|Any CPU
	EndGlobalSection
	GlobalSection(SolutionProperties) = preSolution
		HideSolutionNode = FALSE
	EndGlobalSection
EndGlobal
